
Microsoft Visual Studio Solution File, Format Version 12.00
# Visual Studio Version 17
VisualStudioVersion = 17.11.34929.205
MinimumVisualStudioVersion = 10.0.40219.1
Project("{FAE04EC0-301F-11D3-BF4B-00C04F79EFBC}") = "Company.LoanManagement.Domain", "Company.LoanManagement.Domain\Company.LoanManagement.Domain.csproj", "{DC688EF1-6B20-4350-A2E9-F63B8D3DC44C}"
EndProject
Project("{FAE04EC0-301F-11D3-BF4B-00C04F79EFBC}") = "Company.LoanManagement.Business", "Company.LoanManagement.Business\Company.LoanManagement.Business.csproj", "{89BCE46D-FFA2-4095-9C48-CD2BA4E2230C}"
EndProject
Project("{FAE04EC0-301F-11D3-BF4B-00C04F79EFBC}") = "Company.LoanManagement.Data", "Company.LoanManagement.Data\Company.LoanManagement.Data.csproj", "{EC503C01-1AC5-4572-B31D-1E0186A9266C}"
EndProject
Project("{FAE04EC0-301F-11D3-BF4B-00C04F79EFBC}") = "Company.LoanManagement.WinUI", "Company.LoanManagement.WinUI\Company.LoanManagement.WinUI.csproj", "{9772E9DE-833F-4616-98D2-CF8ADE66EF74}"
EndProject
Global
	GlobalSection(SolutionConfigurationPlatforms) = preSolution
		Debug|Any CPU = Debug|Any CPU
		Release|Any CPU = Release|Any CPU
	EndGlobalSection
	GlobalSection(ProjectConfigurationPlatforms) = postSolution
		{DC688EF1-6B20-4350-A2E9-F63B8D3DC44C}.Debug|Any CPU.ActiveCfg = Debug|Any CPU
		{DC688EF1-6B20-4350-A2E9-F63B8D3DC44C}.Debug|Any CPU.Build.0 = Debug|Any CPU
		{DC688EF1-6B20-4350-A2E9-F63B8D3DC44C}.Release|Any CPU.ActiveCfg = Release|Any CPU
		{DC688EF1-6B20-4350-A2E9-F63B8D3DC44C}.Release|Any CPU.Build.0 = Release|Any CPU
		{89BCE46D-FFA2-4095-9C48-CD2BA4E2230C}.Debug|Any CPU.ActiveCfg = Debug|Any CPU
		{89BCE46D-FFA2-4095-9C48-CD2BA4E2230C}.Debug|Any CPU.Build.0 = Debug|Any CPU
		{89BCE46D-FFA2-4095-9C48-CD2BA4E2230C}.Release|Any CPU.ActiveCfg = Release|Any CPU
		{89BCE46D-FFA2-4095-9C48-CD2BA4E2230C}.Release|Any CPU.Build.0 = Release|Any CPU
		{EC503C01-1AC5-4572-B31D-1E0186A9266C}.Debug|Any CPU.ActiveCfg = Debug|Any CPU
		{EC503C01-1AC5-4572-B31D-1E0186A9266C}.Debug|Any CPU.Build.0 = Debug|Any CPU
		{EC503C01-1AC5-4572-B31D-1E0186A9266C}.Release|Any CPU.ActiveCfg = Release|Any CPU
		{EC503C01-1AC5-4572-B31D-1E0186A9266C}.Release|Any CPU.Build.0 = Release|Any CPU
		{9772E9DE-833F-4616-98D2-CF8ADE66EF74}.Debug|Any CPU.ActiveCfg = Debug|Any CPU
		{9772E9DE-833F-4616-98D2-CF8ADE66EF74}.Debug|Any CPU.Build.0 = Debug|Any CPU
		{9772E9DE-833F-4616-98D2-CF8ADE66EF74}.Release|Any CPU.ActiveCfg = Release|Any CPU
		{9772E9DE-833F-4616-98D2-CF8ADE66EF74}.Release|Any CPU.Build.0 = Release|Any CPU
	EndGlobalSection
	GlobalSection(SolutionProperties) = preSolution
		HideSolutionNode = FALSE
	EndGlobalSection
	GlobalSection(ExtensibilityGlobals) = postSolution
		SolutionGuid = {D98CFD8F-97FA-49E7-9177-B0C727F43671}
	EndGlobalSection
EndGlobal
